// !$*UTF8*$!
{
	archiveVersion = 1;
	classes = {
	};
	objectVersion = 55;
	objects = {

/* Begin PBXBuildFile section */
		96ACEF6D28700435004DDE5D /* AppDelegate.swift in Sources */ = {isa = PBXBuildFile; fileRef = 96ACEF6C28700435004DDE5D /* AppDelegate.swift */; };
		96ACEF6F28700435004DDE5D /* SceneDelegate.swift in Sources */ = {isa = PBXBuildFile; fileRef = 96ACEF6E28700435004DDE5D /* SceneDelegate.swift */; };
		96ACEF7428700435004DDE5D /* Main.storyboard in Resources */ = {isa = PBXBuildFile; fileRef = 96ACEF7228700435004DDE5D /* Main.storyboard */; };
		96ACEF7728700435004DDE5D /* IosDoMore.xcdatamodeld in Sources */ = {isa = PBXBuildFile; fileRef = 96ACEF7528700435004DDE5D /* IosDoMore.xcdatamodeld */; };
		96ACEF792870043C004DDE5D /* Assets.xcassets in Resources */ = {isa = PBXBuildFile; fileRef = 96ACEF782870043C004DDE5D /* Assets.xcassets */; };
		96ACEF7C2870043C004DDE5D /* LaunchScreen.storyboard in Resources */ = {isa = PBXBuildFile; fileRef = 96ACEF7A2870043C004DDE5D /* LaunchScreen.storyboard */; };
		96ACEF862870066D004DDE5D /* HomeViewController.swift in Sources */ = {isa = PBXBuildFile; fileRef = 96ACEF842870066D004DDE5D /* HomeViewController.swift */; };
		96ACEF872870066D004DDE5D /* HomeViewController.xib in Resources */ = {isa = PBXBuildFile; fileRef = 96ACEF852870066D004DDE5D /* HomeViewController.xib */; };
		96ACEF8B28700908004DDE5D /* scrollViewController.swift in Sources */ = {isa = PBXBuildFile; fileRef = 96ACEF8928700908004DDE5D /* scrollViewController.swift */; };
		96ACEF8C28700908004DDE5D /* scrollViewController.xib in Resources */ = {isa = PBXBuildFile; fileRef = 96ACEF8A28700908004DDE5D /* scrollViewController.xib */; };
		96ACEF8F28700C64004DDE5D /* Item.swift in Sources */ = {isa = PBXBuildFile; fileRef = 96ACEF8E28700C64004DDE5D /* Item.swift */; };
		96ACEF9328700CFE004DDE5D /* ItemCollectionViewCell.swift in Sources */ = {isa = PBXBuildFile; fileRef = 96ACEF9128700CFE004DDE5D /* ItemCollectionViewCell.swift */; };
		96ACEF9428700CFE004DDE5D /* ItemCollectionViewCell.xib in Resources */ = {isa = PBXBuildFile; fileRef = 96ACEF9228700CFE004DDE5D /* ItemCollectionViewCell.xib */; };
/* End PBXBuildFile section */

/* Begin PBXFileReference section */
		96ACEF6928700435004DDE5D /* IosDoMore.app */ = {isa = PBXFileReference; explicitFileType = wrapper.application; includeInIndex = 0; path = IosDoMore.app; sourceTree = BUILT_PRODUCTS_DIR; };
		96ACEF6C28700435004DDE5D /* AppDelegate.swift */ = {isa = PBXFileReference; lastKnownFileType = sourcecode.swift; path = AppDelegate.swift; sourceTree = "<group>"; };
		96ACEF6E28700435004DDE5D /* SceneDelegate.swift */ = {isa = PBXFileReference; lastKnownFileType = sourcecode.swift; path = SceneDelegate.swift; sourceTree = "<group>"; };
		96ACEF7328700435004DDE5D /* Base */ = {isa = PBXFileReference; lastKnownFileType = file.storyboard; name = Base; path = Base.lproj/Main.storyboard; sourceTree = "<group>"; };
		96ACEF7628700435004DDE5D /* IosDoMore.xcdatamodel */ = {isa = PBXFileReference; lastKnownFileType = wrapper.xcdatamodel; path = IosDoMore.xcdatamodel; sourceTree = "<group>"; };
		96ACEF782870043C004DDE5D /* Assets.xcassets */ = {isa = PBXFileReference; lastKnownFileType = folder.assetcatalog; path = Assets.xcassets; sourceTree = "<group>"; };
		96ACEF7B2870043C004DDE5D /* Base */ = {isa = PBXFileReference; lastKnownFileType = file.storyboard; name = Base; path = Base.lproj/LaunchScreen.storyboard; sourceTree = "<group>"; };
		96ACEF7D2870043C004DDE5D /* Info.plist */ = {isa = PBXFileReference; lastKnownFileType = text.plist.xml; path = Info.plist; sourceTree = "<group>"; };
		96ACEF842870066D004DDE5D /* HomeViewController.swift */ = {isa = PBXFileReference; lastKnownFileType = sourcecode.swift; path = HomeViewController.swift; sourceTree = "<group>"; };
		96ACEF852870066D004DDE5D /* HomeViewController.xib */ = {isa = PBXFileReference; lastKnownFileType = file.xib; path = HomeViewController.xib; sourceTree = "<group>"; };
		96ACEF8928700908004DDE5D /* scrollViewController.swift */ = {isa = PBXFileReference; lastKnownFileType = sourcecode.swift; path = scrollViewController.swift; sourceTree = "<group>"; };
		96ACEF8A28700908004DDE5D /* scrollViewController.xib */ = {isa = PBXFileReference; lastKnownFileType = file.xib; path = scrollViewController.xib; sourceTree = "<group>"; };
		96ACEF8E28700C64004DDE5D /* Item.swift */ = {isa = PBXFileReference; lastKnownFileType = sourcecode.swift; path = Item.swift; sourceTree = "<group>"; };
		96ACEF9128700CFE004DDE5D /* ItemCollectionViewCell.swift */ = {isa = PBXFileReference; lastKnownFileType = sourcecode.swift; path = ItemCollectionViewCell.swift; sourceTree = "<group>"; };
		96ACEF9228700CFE004DDE5D /* ItemCollectionViewCell.xib */ = {isa = PBXFileReference; lastKnownFileType = file.xib; path = ItemCollectionViewCell.xib; sourceTree = "<group>"; };
/* End PBXFileReference section */

/* Begin PBXFrameworksBuildPhase section */
		96ACEF6628700435004DDE5D /* Frameworks */ = {
			isa = PBXFrameworksBuildPhase;
			buildActionMask = 2147483647;
			files = (
			);
			runOnlyForDeploymentPostprocessing = 0;
		};
/* End PBXFrameworksBuildPhase section */

/* Begin PBXGroup section */
		96ACEF6028700435004DDE5D = {
			isa = PBXGroup;
			children = (
				96ACEF6B28700435004DDE5D /* IosDoMore */,
				96ACEF6A28700435004DDE5D /* Products */,
			);
			sourceTree = "<group>";
		};
		96ACEF6A28700435004DDE5D /* Products */ = {
			isa = PBXGroup;
			children = (
				96ACEF6928700435004DDE5D /* IosDoMore.app */,
			);
			name = Products;
			sourceTree = "<group>";
		};
		96ACEF6B28700435004DDE5D /* IosDoMore */ = {
			isa = PBXGroup;
			children = (
				96ACEF9028700CE1004DDE5D /* cells */,
				96ACEF8D28700C55004DDE5D /* model */,
				96ACEF88287008CE004DDE5D /* scrollView */,
				96ACEF8328700629004DDE5D /* Controller */,
				96ACEF6C28700435004DDE5D /* AppDelegate.swift */,
				96ACEF6E28700435004DDE5D /* SceneDelegate.swift */,
				96ACEF7D2870043C004DDE5D /* Info.plist */,
				96ACEF7528700435004DDE5D /* IosDoMore.xcdatamodeld */,
				96ACEF842870066D004DDE5D /* HomeViewController.swift */,
				96ACEF852870066D004DDE5D /* HomeViewController.xib */,
			);
			path = IosDoMore;
			sourceTree = "<group>";
		};
		96ACEF8328700629004DDE5D /* Controller */ = {
			isa = PBXGroup;
			children = (
				96ACEF7228700435004DDE5D /* Main.storyboard */,
				96ACEF7A2870043C004DDE5D /* LaunchScreen.storyboard */,
				96ACEF782870043C004DDE5D /* Assets.xcassets */,
			);
			path = Controller;
			sourceTree = "<group>";
		};
		96ACEF88287008CE004DDE5D /* scrollView */ = {
			isa = PBXGroup;
			children = (
				96ACEF8928700908004DDE5D /* scrollViewController.swift */,
				96ACEF8A28700908004DDE5D /* scrollViewController.xib */,
			);
			path = scrollView;
			sourceTree = "<group>";
		};
		96ACEF8D28700C55004DDE5D /* model */ = {
			isa = PBXGroup;
			children = (
				96ACEF8E28700C64004DDE5D /* Item.swift */,
			);
			path = model;
			sourceTree = "<group>";
		};
		96ACEF9028700CE1004DDE5D /* cells */ = {
			isa = PBXGroup;
			children = (
				96ACEF9128700CFE004DDE5D /* ItemCollectionViewCell.swift */,
				96ACEF9228700CFE004DDE5D /* ItemCollectionViewCell.xib */,
			);
			path = cells;
			sourceTree = "<group>";
		};
/* End PBXGroup section */

/* Begin PBXNativeTarget section */
		96ACEF6828700435004DDE5D /* IosDoMore */ = {
			isa = PBXNativeTarget;
			buildConfigurationList = 96ACEF802870043C004DDE5D /* Build configuration list for PBXNativeTarget "IosDoMore" */;
			buildPhases = (
				96ACEF6528700435004DDE5D /* Sources */,
				96ACEF6628700435004DDE5D /* Frameworks */,
				96ACEF6728700435004DDE5D /* Resources */,
			);
			buildRules = (
			);
			dependencies = (
			);
			name = IosDoMore;
			productName = IosDoMore;
			productReference = 96ACEF6928700435004DDE5D /* IosDoMore.app */;
			productType = "com.apple.product-type.application";
		};
/* End PBXNativeTarget section */

/* Begin PBXProject section */
		96ACEF6128700435004DDE5D /* Project object */ = {
			isa = PBXProject;
			attributes = {
				BuildIndependentTargetsInParallel = 1;
				LastSwiftUpdateCheck = 1340;
				LastUpgradeCheck = 1340;
				TargetAttributes = {
					96ACEF6828700435004DDE5D = {
						CreatedOnToolsVersion = 13.4.1;
					};
				};
			};
			buildConfigurationList = 96ACEF6428700435004DDE5D /* Build configuration list for PBXProject "IosDoMore" */;
			compatibilityVersion = "Xcode 13.0";
			developmentRegion = en;
			hasScannedForEncodings = 0;
			knownRegions = (
				en,
				Base,
			);
			mainGroup = 96ACEF6028700435004DDE5D;
			productRefGroup = 96ACEF6A28700435004DDE5D /* Products */;
			projectDirPath = "";
			projectRoot = "";
			targets = (
				96ACEF6828700435004DDE5D /* IosDoMore */,
			);
		};
/* End PBXProject section */

/* Begin PBXResourcesBuildPhase section */
		96ACEF6728700435004DDE5D /* Resources */ = {
			isa = PBXResourcesBuildPhase;
			buildActionMask = 2147483647;
			files = (
				96ACEF8C28700908004DDE5D /* scrollViewController.xib in Resources */,
				96ACEF7C2870043C004DDE5D /* LaunchScreen.storyboard in Resources */,
				96ACEF792870043C004DDE5D /* Assets.xcassets in Resources */,
				96ACEF9428700CFE004DDE5D /* ItemCollectionViewCell.xib in Resources */,
				96ACEF7428700435004DDE5D /* Main.storyboard in Resources */,
				96ACEF872870066D004DDE5D /* HomeViewController.xib in Resources */,
			);
			runOnlyForDeploymentPostprocessing = 0;
		};
/* End PBXResourcesBuildPhase section */

/* Begin PBXSourcesBuildPhase section */
		96ACEF6528700435004DDE5D /* Sources */ = {
			isa = PBXSourcesBuildPhase;
			buildActionMask = 2147483647;
			files = (
				96ACEF6D28700435004DDE5D /* AppDelegate.swift in Sources */,
				96ACEF6F28700435004DDE5D /* SceneDelegate.swift in Sources */,
				96ACEF8B28700908004DDE5D /* scrollViewController.swift in Sources */,
				96ACEF7728700435004DDE5D /* IosDoMore.xcdatamodeld in Sources */,
				96ACEF8F28700C64004DDE5D /* Item.swift in Sources */,
				96ACEF862870066D004DDE5D /* HomeViewController.swift in Sources */,
				96ACEF9328700CFE004DDE5D /* ItemCollectionViewCell.swift in Sources */,
			);
			runOnlyForDeploymentPostprocessing = 0;
		};
/* End PBXSourcesBuildPhase section */

/* Begin PBXVariantGroup section */
		96ACEF7228700435004DDE5D /* Main.storyboard */ = {
			isa = PBXVariantGroup;
			children = (
				96ACEF7328700435004DDE5D /* Base */,
			);
			name = Main.storyboard;
			sourceTree = "<group>";
		};
		96ACEF7A2870043C004DDE5D /* LaunchScreen.storyboard */ = {
			isa = PBXVariantGroup;
			children = (
				96ACEF7B2870043C004DDE5D /* Base */,
			);
			name = LaunchScreen.storyboard;
			sourceTree = "<group>";
		};
/* End PBXVariantGroup section */

/* Begin XCBuildConfiguration section */
		96ACEF7E2870043C004DDE5D /* Debug */ = {
			isa = XCBuildConfiguration;
			buildSettings = {
				ALWAYS_SEARCH_USER_PATHS = NO;
				CLANG_ANALYZER_NONNULL = YES;
				CLANG_ANALYZER_NUMBER_OBJECT_CONVERSION = YES_AGGRESSIVE;
				CLANG_CXX_LANGUAGE_STANDARD = "gnu++17";
				CLANG_ENABLE_MODULES = YES;
				CLANG_ENABLE_OBJC_ARC = YES;
				CLANG_ENABLE_OBJC_WEAK = YES;
				CLANG_WARN_BLOCK_CAPTURE_AUTORELEASING = YES;
				CLANG_WARN_BOOL_CONVERSION = YES;
				CLANG_WARN_COMMA = YES;
				CLANG_WARN_CONSTANT_CONVERSION = YES;
				CLANG_WARN_DEPRECATED_OBJC_IMPLEMENTATIONS = YES;
				CLANG_WARN_DIRECT_OBJC_ISA_USAGE = YES_ERROR;
				CLANG_WARN_DOCUMENTATION_COMMENTS = YES;
				CLANG_WARN_EMPTY_BODY = YES;
				CLANG_WARN_ENUM_CONVERSION = YES;
				CLANG_WARN_INFINITE_RECURSION = YES;
				CLANG_WARN_INT_CONVERSION = YES;
				CLANG_WARN_NON_LITERAL_NULL_CONVERSION = YES;
				CLANG_WARN_OBJC_IMPLICIT_RETAIN_SELF = YES;
				CLANG_WARN_OBJC_LITERAL_CONVERSION = YES;
				CLANG_WARN_OBJC_ROOT_CLASS = YES_ERROR;
				CLANG_WARN_QUOTED_INCLUDE_IN_FRAMEWORK_HEADER = YES;
				CLANG_WARN_RANGE_LOOP_ANALYSIS = YES;
				CLANG_WARN_STRICT_PROTOTYPES = YES;
				CLANG_WARN_SUSPICIOUS_MOVE = YES;
				CLANG_WARN_UNGUARDED_AVAILABILITY = YES_AGGRESSIVE;
				CLANG_WARN_UNREACHABLE_CODE = YES;
				CLANG_WARN__DUPLICATE_METHOD_MATCH = YES;
				COPY_PHASE_STRIP = NO;
				DEBUG_INFORMATION_FORMAT = dwarf;
				ENABLE_STRICT_OBJC_MSGSEND = YES;
				ENABLE_TESTABILITY = YES;
				GCC_C_LANGUAGE_STANDARD = gnu11;
				GCC_DYNAMIC_NO_PIC = NO;
				GCC_NO_COMMON_BLOCKS = YES;
				GCC_OPTIMIZATION_LEVEL = 0;
				GCC_PREPROCESSOR_DEFINITIONS = (
					"DEBUG=1",
					"$(inherited)",
				);
				GCC_WARN_64_TO_32_BIT_CONVERSION = YES;
				GCC_WARN_ABOUT_RETURN_TYPE = YES_ERROR;
				GCC_WARN_UNDECLARED_SELECTOR = YES;
				GCC_WARN_UNINITIALIZED_AUTOS = YES_AGGRESSIVE;
				GCC_WARN_UNUSED_FUNCTION = YES;
				GCC_WARN_UNUSED_VARIABLE = YES;
				IPHONEOS_DEPLOYMENT_TARGET = 15.5;
				MTL_ENABLE_DEBUG_INFO = INCLUDE_SOURCE;
				MTL_FAST_MATH = YES;
				ONLY_ACTIVE_ARCH = YES;
				SDKROOT = iphoneos;
				SWIFT_ACTIVE_COMPILATION_CONDITIONS = DEBUG;
				SWIFT_OPTIMIZATION_LEVEL = "-Onone";
			};
			name = Debug;
		};
		96ACEF7F2870043C004DDE5D /* Release */ = {
			isa = XCBuildConfiguration;
			buildSettings = {
				ALWAYS_SEARCH_USER_PATHS = NO;
				CLANG_ANALYZER_NONNULL = YES;
				CLANG_ANALYZER_NUMBER_OBJECT_CONVERSION = YES_AGGRESSIVE;
				CLANG_CXX_LANGUAGE_STANDARD = "gnu++17";
				CLANG_ENABLE_MODULES = YES;
				CLANG_ENABLE_OBJC_ARC = YES;
				CLANG_ENABLE_OBJC_WEAK = YES;
				CLANG_WARN_BLOCK_CAPTURE_AUTORELEASING = YES;
				CLANG_WARN_BOOL_CONVERSION = YES;
				CLANG_WARN_COMMA = YES;
				CLANG_WARN_CONSTANT_CONVERSION = YES;
				CLANG_WARN_DEPRECATED_OBJC_IMPLEMENTATIONS = YES;
				CLANG_WARN_DIRECT_OBJC_ISA_USAGE = YES_ERROR;
				CLANG_WARN_DOCUMENTATION_COMMENTS = YES;
				CLANG_WARN_EMPTY_BODY = YES;
				CLANG_WARN_ENUM_CONVERSION = YES;
				CLANG_WARN_INFINITE_RECURSION = YES;
				CLANG_WARN_INT_CONVERSION = YES;
				CLANG_WARN_NON_LITERAL_NULL_CONVERSION = YES;
				CLANG_WARN_OBJC_IMPLICIT_RETAIN_SELF = YES;
				CLANG_WARN_OBJC_LITERAL_CONVERSION = YES;
				CLANG_WARN_OBJC_ROOT_CLASS = YES_ERROR;
				CLANG_WARN_QUOTED_INCLUDE_IN_FRAMEWORK_HEADER = YES;
				CLANG_WARN_RANGE_LOOP_ANALYSIS = YES;
				CLANG_WARN_STRICT_PROTOTYPES = YES;
				CLANG_WARN_SUSPICIOUS_MOVE = YES;
				CLANG_WARN_UNGUARDED_AVAILABILITY = YES_AGGRESSIVE;
				CLANG_WARN_UNREACHABLE_CODE = YES;
				CLANG_WARN__DUPLICATE_METHOD_MATCH = YES;
				COPY_PHASE_STRIP = NO;
				DEBUG_INFORMATION_FORMAT = "dwarf-with-dsym";
				ENABLE_NS_ASSERTIONS = NO;
				ENABLE_STRICT_OBJC_MSGSEND = YES;
				GCC_C_LANGUAGE_STANDARD = gnu11;
				GCC_NO_COMMON_BLOCKS = YES;
				GCC_WARN_64_TO_32_BIT_CONVERSION = YES;
				GCC_WARN_ABOUT_RETURN_TYPE = YES_ERROR;
				GCC_WARN_UNDECLARED_SELECTOR = YES;
				GCC_WARN_UNINITIALIZED_AUTOS = YES_AGGRESSIVE;
				GCC_WARN_UNUSED_FUNCTION = YES;
				GCC_WARN_UNUSED_VARIABLE = YES;
				IPHONEOS_DEPLOYMENT_TARGET = 15.5;
				MTL_ENABLE_DEBUG_INFO = NO;
				MTL_FAST_MATH = YES;
				SDKROOT = iphoneos;
				SWIFT_COMPILATION_MODE = wholemodule;
				SWIFT_OPTIMIZATION_LEVEL = "-O";
				VALIDATE_PRODUCT = YES;
			};
			name = Release;
		};
		96ACEF812870043C004DDE5D /* Debug */ = {
			isa = XCBuildConfiguration;
			buildSettings = {
				ASSETCATALOG_COMPILER_APPICON_NAME = AppIcon;
				ASSETCATALOG_COMPILER_GLOBAL_ACCENT_COLOR_NAME = AccentColor;
				CODE_SIGN_STYLE = Automatic;
				CURRENT_PROJECT_VERSION = 1;
				GENERATE_INFOPLIST_FILE = YES;
				INFOPLIST_FILE = IosDoMore/Info.plist;
				INFOPLIST_KEY_UIApplicationSupportsIndirectInputEvents = YES;
				INFOPLIST_KEY_UILaunchStoryboardName = LaunchScreen;
				INFOPLIST_KEY_UIMainStoryboardFile = Main;
				INFOPLIST_KEY_UISupportedInterfaceOrientations_iPad = "UIInterfaceOrientationPortrait UIInterfaceOrientationPortraitUpsideDown UIInterfaceOrientationLandscapeLeft UIInterfaceOrientationLandscapeRight";
				INFOPLIST_KEY_UISupportedInterfaceOrientations_iPhone = "UIInterfaceOrientationPortrait UIInterfaceOrientationLandscapeLeft UIInterfaceOrientationLandscapeRight";
				LD_RUNPATH_SEARCH_PATHS = (
					"$(inherited)",
					"@executable_path/Frameworks",
				);
				MARKETING_VERSION = 1.0;
				PRODUCT_BUNDLE_IDENTIFIER = Mysolt.IosDoMore;
				PRODUCT_NAME = "$(TARGET_NAME)";
				SWIFT_EMIT_LOC_STRINGS = YES;
				SWIFT_VERSION = 5.0;
				TARGETED_DEVICE_FAMILY = "1,2";
			};
			name = Debug;
		};
		96ACEF822870043C004DDE5D /* Release */ = {
			isa = XCBuildConfiguration;
			buildSettings = {
				ASSETCATALOG_COMPILER_APPICON_NAME = AppIcon;
				ASSETCATALOG_COMPILER_GLOBAL_ACCENT_COLOR_NAME = AccentColor;
				CODE_SIGN_STYLE = Automatic;
				CURRENT_PROJECT_VERSION = 1;
				GENERATE_INFOPLIST_FILE = YES;
				INFOPLIST_FILE = IosDoMore/Info.plist;
				INFOPLIST_KEY_UIApplicationSupportsIndirectInputEvents = YES;
				INFOPLIST_KEY_UILaunchStoryboardName = LaunchScreen;
				INFOPLIST_KEY_UIMainStoryboardFile = Main;
				INFOPLIST_KEY_UISupportedInterfaceOrientations_iPad = "UIInterfaceOrientationPortrait UIInterfaceOrientationPortraitUpsideDown UIInterfaceOrientationLandscapeLeft UIInterfaceOrientationLandscapeRight";
				INFOPLIST_KEY_UISupportedInterfaceOrientations_iPhone = "UIInterfaceOrientationPortrait UIInterfaceOrientationLandscapeLeft UIInterfaceOrientationLandscapeRight";
				LD_RUNPATH_SEARCH_PATHS = (
					"$(inherited)",
					"@executable_path/Frameworks",
				);
				MARKETING_VERSION = 1.0;
				PRODUCT_BUNDLE_IDENTIFIER = Mysolt.IosDoMore;
				PRODUCT_NAME = "$(TARGET_NAME)";
				SWIFT_EMIT_LOC_STRINGS = YES;
				SWIFT_VERSION = 5.0;
				TARGETED_DEVICE_FAMILY = "1,2";
			};
			name = Release;
		};
/* End XCBuildConfiguration section */

/* Begin XCConfigurationList section */
		96ACEF6428700435004DDE5D /* Build configuration list for PBXProject "IosDoMore" */ = {
			isa = XCConfigurationList;
			buildConfigurations = (
				96ACEF7E2870043C004DDE5D /* Debug */,
				96ACEF7F2870043C004DDE5D /* Release */,
			);
			defaultConfigurationIsVisible = 0;
			defaultConfigurationName = Release;
		};
		96ACEF802870043C004DDE5D /* Build configuration list for PBXNativeTarget "IosDoMore" */ = {
			isa = XCConfigurationList;
			buildConfigurations = (
				96ACEF812870043C004DDE5D /* Debug */,
				96ACEF822870043C004DDE5D /* Release */,
			);
			defaultConfigurationIsVisible = 0;
			defaultConfigurationName = Release;
		};
/* End XCConfigurationList section */

/* Begin XCVersionGroup section */
		96ACEF7528700435004DDE5D /* IosDoMore.xcdatamodeld */ = {
			isa = XCVersionGroup;
			children = (
				96ACEF7628700435004DDE5D /* IosDoMore.xcdatamodel */,
			);
			currentVersion = 96ACEF7628700435004DDE5D /* IosDoMore.xcdatamodel */;
			path = IosDoMore.xcdatamodeld;
			sourceTree = "<group>";
			versionGroupType = wrapper.xcdatamodel;
		};
/* End XCVersionGroup section */
	};
	rootObject = 96ACEF6128700435004DDE5D /* Project object */;
}
